// !$*UTF8*$!
{
	archiveVersion = 1;
	classes = {
	};
	objectVersion = 50;
	objects = {

/* Begin PBXBuildFile section */
		12090D66265B3CCF000CAD98 /* InstagramSwiftUIMockApp.swift in Sources */ = {isa = PBXBuildFile; fileRef = 12090D65265B3CCF000CAD98 /* InstagramSwiftUIMockApp.swift */; };
		12090D6A265B3CD0000CAD98 /* Assets.xcassets in Resources */ = {isa = PBXBuildFile; fileRef = 12090D69265B3CD0000CAD98 /* Assets.xcassets */; };
		12090D6D265B3CD0000CAD98 /* Preview Assets.xcassets in Resources */ = {isa = PBXBuildFile; fileRef = 12090D6C265B3CD0000CAD98 /* Preview Assets.xcassets */; };
		12090D86265B4255000CAD98 /* ContentView.swift in Sources */ = {isa = PBXBuildFile; fileRef = 12090D85265B4255000CAD98 /* ContentView.swift */; };
/* End PBXBuildFile section */

/* Begin PBXFileReference section */
		12090D62265B3CCF000CAD98 /* InstagramSwiftUIMock.app */ = {isa = PBXFileReference; explicitFileType = wrapper.application; includeInIndex = 0; path = InstagramSwiftUIMock.app; sourceTree = BUILT_PRODUCTS_DIR; };
		12090D65265B3CCF000CAD98 /* InstagramSwiftUIMockApp.swift */ = {isa = PBXFileReference; lastKnownFileType = sourcecode.swift; path = InstagramSwiftUIMockApp.swift; sourceTree = "<group>"; };
		12090D69265B3CD0000CAD98 /* Assets.xcassets */ = {isa = PBXFileReference; lastKnownFileType = folder.assetcatalog; path = Assets.xcassets; sourceTree = "<group>"; };
		12090D6C265B3CD0000CAD98 /* Preview Assets.xcassets */ = {isa = PBXFileReference; lastKnownFileType = folder.assetcatalog; path = "Preview Assets.xcassets"; sourceTree = "<group>"; };
		12090D6E265B3CD0000CAD98 /* Info.plist */ = {isa = PBXFileReference; lastKnownFileType = text.plist.xml; path = Info.plist; sourceTree = "<group>"; };
		12090D85265B4255000CAD98 /* ContentView.swift */ = {isa = PBXFileReference; lastKnownFileType = sourcecode.swift; path = ContentView.swift; sourceTree = "<group>"; };
/* End PBXFileReference section */

/* Begin PBXFrameworksBuildPhase section */
		12090D5F265B3CCF000CAD98 /* Frameworks */ = {
			isa = PBXFrameworksBuildPhase;
			buildActionMask = 2147483647;
			files = (
			);
			runOnlyForDeploymentPostprocessing = 0;
		};
/* End PBXFrameworksBuildPhase section */

/* Begin PBXGroup section */
		12090D59265B3CCF000CAD98 = {
			isa = PBXGroup;
			children = (
				12090D64265B3CCF000CAD98 /* InstagramSwiftUIMock */,
				12090D63265B3CCF000CAD98 /* Products */,
			);
			sourceTree = "<group>";
		};
		12090D63265B3CCF000CAD98 /* Products */ = {
			isa = PBXGroup;
			children = (
				12090D62265B3CCF000CAD98 /* InstagramSwiftUIMock.app */,
			);
			name = Products;
			sourceTree = "<group>";
		};
		12090D64265B3CCF000CAD98 /* InstagramSwiftUIMock */ = {
			isa = PBXGroup;
			children = (
				12090D84265B41E6000CAD98 /* Model */,
				12090D76265B3FF0000CAD98 /* API */,
				12090D6B265B3CD0000CAD98 /* Preview Content */,
				12090D77265B3FFD000CAD98 /* Utilities */,
				12090D74265B3FD2000CAD98 /* View */,
				12090D75265B3FEA000CAD98 /* ViewModel */,
				12090D65265B3CCF000CAD98 /* InstagramSwiftUIMockApp.swift */,
				12090D69265B3CD0000CAD98 /* Assets.xcassets */,
				12090D6E265B3CD0000CAD98 /* Info.plist */,
			);
			path = InstagramSwiftUIMock;
			sourceTree = "<group>";
		};
		12090D6B265B3CD0000CAD98 /* Preview Content */ = {
			isa = PBXGroup;
			children = (
				12090D6C265B3CD0000CAD98 /* Preview Assets.xcassets */,
			);
			path = "Preview Content";
			sourceTree = "<group>";
		};
		12090D74265B3FD2000CAD98 /* View */ = {
			isa = PBXGroup;
			children = (
				12090D7F265B4075000CAD98 /* UploadPost */,
				12090D7E265B406E000CAD98 /* Profile */,
				12090D7D265B4065000CAD98 /* Items */,
				12090D7C265B405D000CAD98 /* Authentication */,
				12090D7B265B4050000CAD98 /* Notifications */,
				12090D7A265B404C000CAD98 /* Search */,
				12090D79265B4045000CAD98 /* Feed */,
				12090D78265B402A000CAD98 /* Main */,
			);
			path = View;
			sourceTree = "<group>";
		};
		12090D75265B3FEA000CAD98 /* ViewModel */ = {
			isa = PBXGroup;
			children = (
				12090D83265B41C4000CAD98 /* Profile */,
				12090D82265B41BA000CAD98 /* Notification */,
				12090D81265B41B4000CAD98 /* Authentication */,
				12090D80265B41AE000CAD98 /* Feed */,
			);
			path = ViewModel;
			sourceTree = "<group>";
		};
		12090D76265B3FF0000CAD98 /* API */ = {
			isa = PBXGroup;
			children = (
			);
			path = API;
			sourceTree = "<group>";
		};
		12090D77265B3FFD000CAD98 /* Utilities */ = {
			isa = PBXGroup;
			children = (
			);
			path = Utilities;
			sourceTree = "<group>";
		};
		12090D78265B402A000CAD98 /* Main */ = {
			isa = PBXGroup;
			children = (
				12090D85265B4255000CAD98 /* ContentView.swift */,
			);
			path = Main;
			sourceTree = "<group>";
		};
		12090D79265B4045000CAD98 /* Feed */ = {
			isa = PBXGroup;
			children = (
			);
			path = Feed;
			sourceTree = "<group>";
		};
		12090D7A265B404C000CAD98 /* Search */ = {
			isa = PBXGroup;
			children = (
			);
			path = Search;
			sourceTree = "<group>";
		};
		12090D7B265B4050000CAD98 /* Notifications */ = {
			isa = PBXGroup;
			children = (
			);
			path = Notifications;
			sourceTree = "<group>";
		};
		12090D7C265B405D000CAD98 /* Authentication */ = {
			isa = PBXGroup;
			children = (
			);
			path = Authentication;
			sourceTree = "<group>";
		};
		12090D7D265B4065000CAD98 /* Items */ = {
			isa = PBXGroup;
			children = (
			);
			path = Items;
			sourceTree = "<group>";
		};
		12090D7E265B406E000CAD98 /* Profile */ = {
			isa = PBXGroup;
			children = (
			);
			path = Profile;
			sourceTree = "<group>";
		};
		12090D7F265B4075000CAD98 /* UploadPost */ = {
			isa = PBXGroup;
			children = (
			);
			path = UploadPost;
			sourceTree = "<group>";
		};
		12090D80265B41AE000CAD98 /* Feed */ = {
			isa = PBXGroup;
			children = (
			);
			path = Feed;
			sourceTree = "<group>";
		};
		12090D81265B41B4000CAD98 /* Authentication */ = {
			isa = PBXGroup;
			children = (
			);
			path = Authentication;
			sourceTree = "<group>";
		};
		12090D82265B41BA000CAD98 /* Notification */ = {
			isa = PBXGroup;
			children = (
			);
			path = Notification;
			sourceTree = "<group>";
		};
		12090D83265B41C4000CAD98 /* Profile */ = {
			isa = PBXGroup;
			children = (
			);
			path = Profile;
			sourceTree = "<group>";
		};
		12090D84265B41E6000CAD98 /* Model */ = {
			isa = PBXGroup;
			children = (
			);
			path = Model;
			sourceTree = "<group>";
		};
/* End PBXGroup section */

/* Begin PBXNativeTarget section */
		12090D61265B3CCF000CAD98 /* InstagramSwiftUIMock */ = {
			isa = PBXNativeTarget;
			buildConfigurationList = 12090D71265B3CD0000CAD98 /* Build configuration list for PBXNativeTarget "InstagramSwiftUIMock" */;
			buildPhases = (
				12090D5E265B3CCF000CAD98 /* Sources */,
				12090D5F265B3CCF000CAD98 /* Frameworks */,
				12090D60265B3CCF000CAD98 /* Resources */,
			);
			buildRules = (
			);
			dependencies = (
			);
			name = InstagramSwiftUIMock;
			productName = InstagramSwiftUIMock;
			productReference = 12090D62265B3CCF000CAD98 /* InstagramSwiftUIMock.app */;
			productType = "com.apple.product-type.application";
		};
/* End PBXNativeTarget section */

/* Begin PBXProject section */
		12090D5A265B3CCF000CAD98 /* Project object */ = {
			isa = PBXProject;
			attributes = {
				LastSwiftUpdateCheck = 1250;
				LastUpgradeCheck = 1250;
				TargetAttributes = {
					12090D61265B3CCF000CAD98 = {
						CreatedOnToolsVersion = 12.5;
					};
				};
			};
			buildConfigurationList = 12090D5D265B3CCF000CAD98 /* Build configuration list for PBXProject "InstagramSwiftUIMock" */;
			compatibilityVersion = "Xcode 9.3";
			developmentRegion = en;
			hasScannedForEncodings = 0;
			knownRegions = (
				en,
				Base,
			);
			mainGroup = 12090D59265B3CCF000CAD98;
			productRefGroup = 12090D63265B3CCF000CAD98 /* Products */;
			projectDirPath = "";
			projectRoot = "";
			targets = (
				12090D61265B3CCF000CAD98 /* InstagramSwiftUIMock */,
			);
		};
/* End PBXProject section */

/* Begin PBXResourcesBuildPhase section */
		12090D60265B3CCF000CAD98 /* Resources */ = {
			isa = PBXResourcesBuildPhase;
			buildActionMask = 2147483647;
			files = (
				12090D6D265B3CD0000CAD98 /* Preview Assets.xcassets in Resources */,
				12090D6A265B3CD0000CAD98 /* Assets.xcassets in Resources */,
			);
			runOnlyForDeploymentPostprocessing = 0;
		};
/* End PBXResourcesBuildPhase section */

/* Begin PBXSourcesBuildPhase section */
		12090D5E265B3CCF000CAD98 /* Sources */ = {
			isa = PBXSourcesBuildPhase;
			buildActionMask = 2147483647;
			files = (
				12090D66265B3CCF000CAD98 /* InstagramSwiftUIMockApp.swift in Sources */,
				12090D86265B4255000CAD98 /* ContentView.swift in Sources */,
			);
			runOnlyForDeploymentPostprocessing = 0;
		};
/* End PBXSourcesBuildPhase section */

/* Begin XCBuildConfiguration section */
		12090D6F265B3CD0000CAD98 /* Debug */ = {
			isa = XCBuildConfiguration;
			buildSettings = {
				ALWAYS_SEARCH_USER_PATHS = NO;
				CLANG_ANALYZER_NONNULL = YES;
				CLANG_ANALYZER_NUMBER_OBJECT_CONVERSION = YES_AGGRESSIVE;
				CLANG_CXX_LANGUAGE_STANDARD = "gnu++14";
				CLANG_CXX_LIBRARY = "libc++";
				CLANG_ENABLE_MODULES = YES;
				CLANG_ENABLE_OBJC_ARC = YES;
				CLANG_ENABLE_OBJC_WEAK = YES;
				CLANG_WARN_BLOCK_CAPTURE_AUTORELEASING = YES;
				CLANG_WARN_BOOL_CONVERSION = YES;
				CLANG_WARN_COMMA = YES;
				CLANG_WARN_CONSTANT_CONVERSION = YES;
				CLANG_WARN_DEPRECATED_OBJC_IMPLEMENTATIONS = YES;
				CLANG_WARN_DIRECT_OBJC_ISA_USAGE = YES_ERROR;
				CLANG_WARN_DOCUMENTATION_COMMENTS = YES;
				CLANG_WARN_EMPTY_BODY = YES;
				CLANG_WARN_ENUM_CONVERSION = YES;
				CLANG_WARN_INFINITE_RECURSION = YES;
				CLANG_WARN_INT_CONVERSION = YES;
				CLANG_WARN_NON_LITERAL_NULL_CONVERSION = YES;
				CLANG_WARN_OBJC_IMPLICIT_RETAIN_SELF = YES;
				CLANG_WARN_OBJC_LITERAL_CONVERSION = YES;
				CLANG_WARN_OBJC_ROOT_CLASS = YES_ERROR;
				CLANG_WARN_QUOTED_INCLUDE_IN_FRAMEWORK_HEADER = YES;
				CLANG_WARN_RANGE_LOOP_ANALYSIS = YES;
				CLANG_WARN_STRICT_PROTOTYPES = YES;
				CLANG_WARN_SUSPICIOUS_MOVE = YES;
				CLANG_WARN_UNGUARDED_AVAILABILITY = YES_AGGRESSIVE;
				CLANG_WARN_UNREACHABLE_CODE = YES;
				CLANG_WARN__DUPLICATE_METHOD_MATCH = YES;
				COPY_PHASE_STRIP = NO;
				DEBUG_INFORMATION_FORMAT = dwarf;
				ENABLE_STRICT_OBJC_MSGSEND = YES;
				ENABLE_TESTABILITY = YES;
				GCC_C_LANGUAGE_STANDARD = gnu11;
				GCC_DYNAMIC_NO_PIC = NO;
				GCC_NO_COMMON_BLOCKS = YES;
				GCC_OPTIMIZATION_LEVEL = 0;
				GCC_PREPROCESSOR_DEFINITIONS = (
					"DEBUG=1",
					"$(inherited)",
				);
				GCC_WARN_64_TO_32_BIT_CONVERSION = YES;
				GCC_WARN_ABOUT_RETURN_TYPE = YES_ERROR;
				GCC_WARN_UNDECLARED_SELECTOR = YES;
				GCC_WARN_UNINITIALIZED_AUTOS = YES_AGGRESSIVE;
				GCC_WARN_UNUSED_FUNCTION = YES;
				GCC_WARN_UNUSED_VARIABLE = YES;
				IPHONEOS_DEPLOYMENT_TARGET = 14.5;
				MTL_ENABLE_DEBUG_INFO = INCLUDE_SOURCE;
				MTL_FAST_MATH = YES;
				ONLY_ACTIVE_ARCH = YES;
				SDKROOT = iphoneos;
				SWIFT_ACTIVE_COMPILATION_CONDITIONS = DEBUG;
				SWIFT_OPTIMIZATION_LEVEL = "-Onone";
			};
			name = Debug;
		};
		12090D70265B3CD0000CAD98 /* Release */ = {
			isa = XCBuildConfiguration;
			buildSettings = {
				ALWAYS_SEARCH_USER_PATHS = NO;
				CLANG_ANALYZER_NONNULL = YES;
				CLANG_ANALYZER_NUMBER_OBJECT_CONVERSION = YES_AGGRESSIVE;
				CLANG_CXX_LANGUAGE_STANDARD = "gnu++14";
				CLANG_CXX_LIBRARY = "libc++";
				CLANG_ENABLE_MODULES = YES;
				CLANG_ENABLE_OBJC_ARC = YES;
				CLANG_ENABLE_OBJC_WEAK = YES;
				CLANG_WARN_BLOCK_CAPTURE_AUTORELEASING = YES;
				CLANG_WARN_BOOL_CONVERSION = YES;
				CLANG_WARN_COMMA = YES;
				CLANG_WARN_CONSTANT_CONVERSION = YES;
				CLANG_WARN_DEPRECATED_OBJC_IMPLEMENTATIONS = YES;
				CLANG_WARN_DIRECT_OBJC_ISA_USAGE = YES_ERROR;
				CLANG_WARN_DOCUMENTATION_COMMENTS = YES;
				CLANG_WARN_EMPTY_BODY = YES;
				CLANG_WARN_ENUM_CONVERSION = YES;
				CLANG_WARN_INFINITE_RECURSION = YES;
				CLANG_WARN_INT_CONVERSION = YES;
				CLANG_WARN_NON_LITERAL_NULL_CONVERSION = YES;
				CLANG_WARN_OBJC_IMPLICIT_RETAIN_SELF = YES;
				CLANG_WARN_OBJC_LITERAL_CONVERSION = YES;
				CLANG_WARN_OBJC_ROOT_CLASS = YES_ERROR;
				CLANG_WARN_QUOTED_INCLUDE_IN_FRAMEWORK_HEADER = YES;
				CLANG_WARN_RANGE_LOOP_ANALYSIS = YES;
				CLANG_WARN_STRICT_PROTOTYPES = YES;
				CLANG_WARN_SUSPICIOUS_MOVE = YES;
				CLANG_WARN_UNGUARDED_AVAILABILITY = YES_AGGRESSIVE;
				CLANG_WARN_UNREACHABLE_CODE = YES;
				CLANG_WARN__DUPLICATE_METHOD_MATCH = YES;
				COPY_PHASE_STRIP = NO;
				DEBUG_INFORMATION_FORMAT = "dwarf-with-dsym";
				ENABLE_NS_ASSERTIONS = NO;
				ENABLE_STRICT_OBJC_MSGSEND = YES;
				GCC_C_LANGUAGE_STANDARD = gnu11;
				GCC_NO_COMMON_BLOCKS = YES;
				GCC_WARN_64_TO_32_BIT_CONVERSION = YES;
				GCC_WARN_ABOUT_RETURN_TYPE = YES_ERROR;
				GCC_WARN_UNDECLARED_SELECTOR = YES;
				GCC_WARN_UNINITIALIZED_AUTOS = YES_AGGRESSIVE;
				GCC_WARN_UNUSED_FUNCTION = YES;
				GCC_WARN_UNUSED_VARIABLE = YES;
				IPHONEOS_DEPLOYMENT_TARGET = 14.5;
				MTL_ENABLE_DEBUG_INFO = NO;
				MTL_FAST_MATH = YES;
				SDKROOT = iphoneos;
				SWIFT_COMPILATION_MODE = wholemodule;
				SWIFT_OPTIMIZATION_LEVEL = "-O";
				VALIDATE_PRODUCT = YES;
			};
			name = Release;
		};
		12090D72265B3CD0000CAD98 /* Debug */ = {
			isa = XCBuildConfiguration;
			buildSettings = {
				ASSETCATALOG_COMPILER_APPICON_NAME = AppIcon;
				ASSETCATALOG_COMPILER_GLOBAL_ACCENT_COLOR_NAME = AccentColor;
				CODE_SIGN_STYLE = Automatic;
				DEVELOPMENT_ASSET_PATHS = "\"InstagramSwiftUIMock/Preview Content\"";
				DEVELOPMENT_TEAM = U59FZGU2KP;
				ENABLE_PREVIEWS = YES;
				INFOPLIST_FILE = InstagramSwiftUIMock/Info.plist;
				IPHONEOS_DEPLOYMENT_TARGET = 14.0;
				LD_RUNPATH_SEARCH_PATHS = (
					"$(inherited)",
					"@executable_path/Frameworks",
				);
				PRODUCT_BUNDLE_IDENTIFIER = com.wentaowu.InstagramSwiftUIMock;
				PRODUCT_NAME = "$(TARGET_NAME)";
				SWIFT_VERSION = 5.0;
				TARGETED_DEVICE_FAMILY = "1,2";
			};
			name = Debug;
		};
		12090D73265B3CD0000CAD98 /* Release */ = {
			isa = XCBuildConfiguration;
			buildSettings = {
				ASSETCATALOG_COMPILER_APPICON_NAME = AppIcon;
				ASSETCATALOG_COMPILER_GLOBAL_ACCENT_COLOR_NAME = AccentColor;
				CODE_SIGN_STYLE = Automatic;
				DEVELOPMENT_ASSET_PATHS = "\"InstagramSwiftUIMock/Preview Content\"";
				DEVELOPMENT_TEAM = U59FZGU2KP;
				ENABLE_PREVIEWS = YES;
				INFOPLIST_FILE = InstagramSwiftUIMock/Info.plist;
				IPHONEOS_DEPLOYMENT_TARGET = 14.0;
				LD_RUNPATH_SEARCH_PATHS = (
					"$(inherited)",
					"@executable_path/Frameworks",
				);
				PRODUCT_BUNDLE_IDENTIFIER = com.wentaowu.InstagramSwiftUIMock;
				PRODUCT_NAME = "$(TARGET_NAME)";
				SWIFT_VERSION = 5.0;
				TARGETED_DEVICE_FAMILY = "1,2";
			};
			name = Release;
		};
/* End XCBuildConfiguration section */

/* Begin XCConfigurationList section */
		12090D5D265B3CCF000CAD98 /* Build configuration list for PBXProject "InstagramSwiftUIMock" */ = {
			isa = XCConfigurationList;
			buildConfigurations = (
				12090D6F265B3CD0000CAD98 /* Debug */,
				12090D70265B3CD0000CAD98 /* Release */,
			);
			defaultConfigurationIsVisible = 0;
			defaultConfigurationName = Release;
		};
		12090D71265B3CD0000CAD98 /* Build configuration list for PBXNativeTarget "InstagramSwiftUIMock" */ = {
			isa = XCConfigurationList;
			buildConfigurations = (
				12090D72265B3CD0000CAD98 /* Debug */,
				12090D73265B3CD0000CAD98 /* Release */,
			);
			defaultConfigurationIsVisible = 0;
			defaultConfigurationName = Release;
		};
/* End XCConfigurationList section */
	};
	rootObject = 12090D5A265B3CCF000CAD98 /* Project object */;
}
